Microsoft Visual Studio Solution File, Format Version 8.00
Project("{FAE04EC0-301F-11D3-BF4B-00C04F79EFBC}") = "xmlrpc", "xmlrpc.csproj", "{1B4B0A58-0AFB-4090-91DD-18912CC7DE65}"
	ProjectSection(ProjectDependencies) = postProject
	EndProjectSection
EndProject
Project("{FAE04EC0-301F-11D3-BF4B-00C04F79EFBC}") = "ntest", "..\ntest\ntest.csproj", "{A03FD7C0-77B4-4731-8818-6E33A0A83E70}"
	ProjectSection(ProjectDependencies) = postProject
		{1B4B0A58-0AFB-4090-91DD-18912CC7DE65} = {1B4B0A58-0AFB-4090-91DD-18912CC7DE65}
	EndProjectSection
EndProject
Global
	GlobalSection(SolutionConfiguration) = preSolution
		Debug = Debug
		Release = Release
	EndGlobalSection
	GlobalSection(ProjectConfiguration) = postSolution
		{1B4B0A58-0AFB-4090-91DD-18912CC7DE65}.Debug.ActiveCfg = Debug|.NET
		{1B4B0A58-0AFB-4090-91DD-18912CC7DE65}.Debug.Build.0 = Debug|.NET
		{1B4B0A58-0AFB-4090-91DD-18912CC7DE65}.Release.ActiveCfg = Release|.NET
		{1B4B0A58-0AFB-4090-91DD-18912CC7DE65}.Release.Build.0 = Release|.NET
		{A03FD7C0-77B4-4731-8818-6E33A0A83E70}.Debug.ActiveCfg = Debug|.NET
		{A03FD7C0-77B4-4731-8818-6E33A0A83E70}.Debug.Build.0 = Debug|.NET
		{A03FD7C0-77B4-4731-8818-6E33A0A83E70}.Release.ActiveCfg = Release|.NET
		{A03FD7C0-77B4-4731-8818-6E33A0A83E70}.Release.Build.0 = Release|.NET
	EndGlobalSection
	GlobalSection(ExtensibilityGlobals) = postSolution
	EndGlobalSection
	GlobalSection(ExtensibilityAddIns) = postSolution
	EndGlobalSection
EndGlobal
